// !$*UTF8*$!
{
	archiveVersion = 1;
	classes = {
	};
	objectVersion = 55;
	objects = {

/* Begin PBXBuildFile section */
		7020820627EB971800931B33 /* NewsAPIInteractor.swift in Sources */ = {isa = PBXBuildFile; fileRef = 7020820527EB971800931B33 /* NewsAPIInteractor.swift */; };
		7020820A27EB9F9800931B33 /* SourcesResponse.swift in Sources */ = {isa = PBXBuildFile; fileRef = 7020820927EB9F9800931B33 /* SourcesResponse.swift */; };
		70A4AB7427EB84CE006FE2AB /* AppDelegate.swift in Sources */ = {isa = PBXBuildFile; fileRef = 70A4AB7327EB84CE006FE2AB /* AppDelegate.swift */; };
		70A4AB7627EB84CE006FE2AB /* SceneDelegate.swift in Sources */ = {isa = PBXBuildFile; fileRef = 70A4AB7527EB84CE006FE2AB /* SceneDelegate.swift */; };
		70A4AB7827EB84CE006FE2AB /* SourcesViewController.swift in Sources */ = {isa = PBXBuildFile; fileRef = 70A4AB7727EB84CE006FE2AB /* SourcesViewController.swift */; };
		70A4AB7D27EB84D1006FE2AB /* Assets.xcassets in Resources */ = {isa = PBXBuildFile; fileRef = 70A4AB7C27EB84D1006FE2AB /* Assets.xcassets */; };
		70A4AB8027EB84D1006FE2AB /* LaunchScreen.storyboard in Resources */ = {isa = PBXBuildFile; fileRef = 70A4AB7E27EB84D1006FE2AB /* LaunchScreen.storyboard */; };
		70A4AB8B27EB84D1006FE2AB /* NewsExpressTests.swift in Sources */ = {isa = PBXBuildFile; fileRef = 70A4AB8A27EB84D1006FE2AB /* NewsExpressTests.swift */; };
		70A4AB9527EB84D1006FE2AB /* NewsExpressUITests.swift in Sources */ = {isa = PBXBuildFile; fileRef = 70A4AB9427EB84D1006FE2AB /* NewsExpressUITests.swift */; };
		70A4AB9727EB84D1006FE2AB /* NewsExpressUITestsLaunchTests.swift in Sources */ = {isa = PBXBuildFile; fileRef = 70A4AB9627EB84D1006FE2AB /* NewsExpressUITestsLaunchTests.swift */; };
		70A4ABA527EB887E006FE2AB /* NetworkService.swift in Sources */ = {isa = PBXBuildFile; fileRef = 70A4ABA427EB887E006FE2AB /* NetworkService.swift */; };
/* End PBXBuildFile section */

/* Begin PBXContainerItemProxy section */
		70A4AB8727EB84D1006FE2AB /* PBXContainerItemProxy */ = {
			isa = PBXContainerItemProxy;
			containerPortal = 70A4AB6827EB84CE006FE2AB /* Project object */;
			proxyType = 1;
			remoteGlobalIDString = 70A4AB6F27EB84CE006FE2AB;
			remoteInfo = NewsExpress;
		};
		70A4AB9127EB84D1006FE2AB /* PBXContainerItemProxy */ = {
			isa = PBXContainerItemProxy;
			containerPortal = 70A4AB6827EB84CE006FE2AB /* Project object */;
			proxyType = 1;
			remoteGlobalIDString = 70A4AB6F27EB84CE006FE2AB;
			remoteInfo = NewsExpress;
		};
/* End PBXContainerItemProxy section */

/* Begin PBXFileReference section */
		7020820527EB971800931B33 /* NewsAPIInteractor.swift */ = {isa = PBXFileReference; lastKnownFileType = sourcecode.swift; path = NewsAPIInteractor.swift; sourceTree = "<group>"; };
		7020820927EB9F9800931B33 /* SourcesResponse.swift */ = {isa = PBXFileReference; lastKnownFileType = sourcecode.swift; path = SourcesResponse.swift; sourceTree = "<group>"; };
		70A4AB7027EB84CE006FE2AB /* NewsExpress.app */ = {isa = PBXFileReference; explicitFileType = wrapper.application; includeInIndex = 0; path = NewsExpress.app; sourceTree = BUILT_PRODUCTS_DIR; };
		70A4AB7327EB84CE006FE2AB /* AppDelegate.swift */ = {isa = PBXFileReference; lastKnownFileType = sourcecode.swift; path = AppDelegate.swift; sourceTree = "<group>"; };
		70A4AB7527EB84CE006FE2AB /* SceneDelegate.swift */ = {isa = PBXFileReference; lastKnownFileType = sourcecode.swift; path = SceneDelegate.swift; sourceTree = "<group>"; };
		70A4AB7727EB84CE006FE2AB /* SourcesViewController.swift */ = {isa = PBXFileReference; lastKnownFileType = sourcecode.swift; path = SourcesViewController.swift; sourceTree = "<group>"; };
		70A4AB7C27EB84D1006FE2AB /* Assets.xcassets */ = {isa = PBXFileReference; lastKnownFileType = folder.assetcatalog; path = Assets.xcassets; sourceTree = "<group>"; };
		70A4AB7F27EB84D1006FE2AB /* Base */ = {isa = PBXFileReference; lastKnownFileType = file.storyboard; name = Base; path = Base.lproj/LaunchScreen.storyboard; sourceTree = "<group>"; };
		70A4AB8127EB84D1006FE2AB /* Info.plist */ = {isa = PBXFileReference; lastKnownFileType = text.plist.xml; path = Info.plist; sourceTree = "<group>"; };
		70A4AB8627EB84D1006FE2AB /* NewsExpressTests.xctest */ = {isa = PBXFileReference; explicitFileType = wrapper.cfbundle; includeInIndex = 0; path = NewsExpressTests.xctest; sourceTree = BUILT_PRODUCTS_DIR; };
		70A4AB8A27EB84D1006FE2AB /* NewsExpressTests.swift */ = {isa = PBXFileReference; lastKnownFileType = sourcecode.swift; path = NewsExpressTests.swift; sourceTree = "<group>"; };
		70A4AB9027EB84D1006FE2AB /* NewsExpressUITests.xctest */ = {isa = PBXFileReference; explicitFileType = wrapper.cfbundle; includeInIndex = 0; path = NewsExpressUITests.xctest; sourceTree = BUILT_PRODUCTS_DIR; };
		70A4AB9427EB84D1006FE2AB /* NewsExpressUITests.swift */ = {isa = PBXFileReference; lastKnownFileType = sourcecode.swift; path = NewsExpressUITests.swift; sourceTree = "<group>"; };
		70A4AB9627EB84D1006FE2AB /* NewsExpressUITestsLaunchTests.swift */ = {isa = PBXFileReference; lastKnownFileType = sourcecode.swift; path = NewsExpressUITestsLaunchTests.swift; sourceTree = "<group>"; };
		70A4ABA427EB887E006FE2AB /* NetworkService.swift */ = {isa = PBXFileReference; lastKnownFileType = sourcecode.swift; path = NetworkService.swift; sourceTree = "<group>"; };
/* End PBXFileReference section */

/* Begin PBXFrameworksBuildPhase section */
		70A4AB6D27EB84CE006FE2AB /* Frameworks */ = {
			isa = PBXFrameworksBuildPhase;
			buildActionMask = 2147483647;
			files = (
			);
			runOnlyForDeploymentPostprocessing = 0;
		};
		70A4AB8327EB84D1006FE2AB /* Frameworks */ = {
			isa = PBXFrameworksBuildPhase;
			buildActionMask = 2147483647;
			files = (
			);
			runOnlyForDeploymentPostprocessing = 0;
		};
		70A4AB8D27EB84D1006FE2AB /* Frameworks */ = {
			isa = PBXFrameworksBuildPhase;
			buildActionMask = 2147483647;
			files = (
			);
			runOnlyForDeploymentPostprocessing = 0;
		};
/* End PBXFrameworksBuildPhase section */

/* Begin PBXGroup section */
		7020820727EB9F6500931B33 /* App Launch */ = {
			isa = PBXGroup;
			children = (
				70A4AB7E27EB84D1006FE2AB /* LaunchScreen.storyboard */,
				70A4AB7327EB84CE006FE2AB /* AppDelegate.swift */,
				70A4AB7527EB84CE006FE2AB /* SceneDelegate.swift */,
			);
			path = "App Launch";
			sourceTree = "<group>";
		};
		7020820827EB9F7B00931B33 /* Models */ = {
			isa = PBXGroup;
			children = (
				7020820927EB9F9800931B33 /* SourcesResponse.swift */,
			);
			path = Models;
			sourceTree = "<group>";
		};
		7020820B27EB9FB700931B33 /* ViewControllers */ = {
			isa = PBXGroup;
			children = (
				70A4AB7727EB84CE006FE2AB /* SourcesViewController.swift */,
			);
			path = ViewControllers;
			sourceTree = "<group>";
		};
		7020820C27EB9FD600931B33 /* Supporting files */ = {
			isa = PBXGroup;
			children = (
				70A4AB7C27EB84D1006FE2AB /* Assets.xcassets */,
			);
			path = "Supporting files";
			sourceTree = "<group>";
		};
		70A4AB6727EB84CE006FE2AB = {
			isa = PBXGroup;
			children = (
				70A4AB7227EB84CE006FE2AB /* NewsExpress */,
				70A4AB8927EB84D1006FE2AB /* NewsExpressTests */,
				70A4AB9327EB84D1006FE2AB /* NewsExpressUITests */,
				70A4AB7127EB84CE006FE2AB /* Products */,
			);
			sourceTree = "<group>";
		};
		70A4AB7127EB84CE006FE2AB /* Products */ = {
			isa = PBXGroup;
			children = (
				70A4AB7027EB84CE006FE2AB /* NewsExpress.app */,
				70A4AB8627EB84D1006FE2AB /* NewsExpressTests.xctest */,
				70A4AB9027EB84D1006FE2AB /* NewsExpressUITests.xctest */,
			);
			name = Products;
			sourceTree = "<group>";
		};
		70A4AB7227EB84CE006FE2AB /* NewsExpress */ = {
			isa = PBXGroup;
			children = (
				7020820727EB9F6500931B33 /* App Launch */,
				70A4ABA327EB8856006FE2AB /* Networking */,
				7020820827EB9F7B00931B33 /* Models */,
				7020820B27EB9FB700931B33 /* ViewControllers */,
				7020820C27EB9FD600931B33 /* Supporting files */,
				70A4AB8127EB84D1006FE2AB /* Info.plist */,
			);
			path = NewsExpress;
			sourceTree = "<group>";
		};
		70A4AB8927EB84D1006FE2AB /* NewsExpressTests */ = {
			isa = PBXGroup;
			children = (
				70A4AB8A27EB84D1006FE2AB /* NewsExpressTests.swift */,
			);
			path = NewsExpressTests;
			sourceTree = "<group>";
		};
		70A4AB9327EB84D1006FE2AB /* NewsExpressUITests */ = {
			isa = PBXGroup;
			children = (
				70A4AB9427EB84D1006FE2AB /* NewsExpressUITests.swift */,
				70A4AB9627EB84D1006FE2AB /* NewsExpressUITestsLaunchTests.swift */,
			);
			path = NewsExpressUITests;
			sourceTree = "<group>";
		};
		70A4ABA327EB8856006FE2AB /* Networking */ = {
			isa = PBXGroup;
			children = (
				70A4ABA427EB887E006FE2AB /* NetworkService.swift */,
				7020820527EB971800931B33 /* NewsAPIInteractor.swift */,
			);
			path = Networking;
			sourceTree = "<group>";
		};
/* End PBXGroup section */

/* Begin PBXNativeTarget section */
		70A4AB6F27EB84CE006FE2AB /* NewsExpress */ = {
			isa = PBXNativeTarget;
			buildConfigurationList = 70A4AB9A27EB84D1006FE2AB /* Build configuration list for PBXNativeTarget "NewsExpress" */;
			buildPhases = (
				70A4AB6C27EB84CE006FE2AB /* Sources */,
				70A4AB6D27EB84CE006FE2AB /* Frameworks */,
				70A4AB6E27EB84CE006FE2AB /* Resources */,
			);
			buildRules = (
			);
			dependencies = (
			);
			name = NewsExpress;
			productName = NewsExpress;
			productReference = 70A4AB7027EB84CE006FE2AB /* NewsExpress.app */;
			productType = "com.apple.product-type.application";
		};
		70A4AB8527EB84D1006FE2AB /* NewsExpressTests */ = {
			isa = PBXNativeTarget;
			buildConfigurationList = 70A4AB9D27EB84D1006FE2AB /* Build configuration list for PBXNativeTarget "NewsExpressTests" */;
			buildPhases = (
				70A4AB8227EB84D1006FE2AB /* Sources */,
				70A4AB8327EB84D1006FE2AB /* Frameworks */,
				70A4AB8427EB84D1006FE2AB /* Resources */,
			);
			buildRules = (
			);
			dependencies = (
				70A4AB8827EB84D1006FE2AB /* PBXTargetDependency */,
			);
			name = NewsExpressTests;
			productName = NewsExpressTests;
			productReference = 70A4AB8627EB84D1006FE2AB /* NewsExpressTests.xctest */;
			productType = "com.apple.product-type.bundle.unit-test";
		};
		70A4AB8F27EB84D1006FE2AB /* NewsExpressUITests */ = {
			isa = PBXNativeTarget;
			buildConfigurationList = 70A4ABA027EB84D1006FE2AB /* Build configuration list for PBXNativeTarget "NewsExpressUITests" */;
			buildPhases = (
				70A4AB8C27EB84D1006FE2AB /* Sources */,
				70A4AB8D27EB84D1006FE2AB /* Frameworks */,
				70A4AB8E27EB84D1006FE2AB /* Resources */,
			);
			buildRules = (
			);
			dependencies = (
				70A4AB9227EB84D1006FE2AB /* PBXTargetDependency */,
			);
			name = NewsExpressUITests;
			productName = NewsExpressUITests;
			productReference = 70A4AB9027EB84D1006FE2AB /* NewsExpressUITests.xctest */;
			productType = "com.apple.product-type.bundle.ui-testing";
		};
/* End PBXNativeTarget section */

/* Begin PBXProject section */
		70A4AB6827EB84CE006FE2AB /* Project object */ = {
			isa = PBXProject;
			attributes = {
				BuildIndependentTargetsInParallel = 1;
				LastSwiftUpdateCheck = 1320;
				LastUpgradeCheck = 1320;
				TargetAttributes = {
					70A4AB6F27EB84CE006FE2AB = {
						CreatedOnToolsVersion = 13.2.1;
					};
					70A4AB8527EB84D1006FE2AB = {
						CreatedOnToolsVersion = 13.2.1;
						TestTargetID = 70A4AB6F27EB84CE006FE2AB;
					};
					70A4AB8F27EB84D1006FE2AB = {
						CreatedOnToolsVersion = 13.2.1;
						TestTargetID = 70A4AB6F27EB84CE006FE2AB;
					};
				};
			};
			buildConfigurationList = 70A4AB6B27EB84CE006FE2AB /* Build configuration list for PBXProject "NewsExpress" */;
			compatibilityVersion = "Xcode 13.0";
			developmentRegion = en;
			hasScannedForEncodings = 0;
			knownRegions = (
				en,
				Base,
			);
			mainGroup = 70A4AB6727EB84CE006FE2AB;
			productRefGroup = 70A4AB7127EB84CE006FE2AB /* Products */;
			projectDirPath = "";
			projectRoot = "";
			targets = (
				70A4AB6F27EB84CE006FE2AB /* NewsExpress */,
				70A4AB8527EB84D1006FE2AB /* NewsExpressTests */,
				70A4AB8F27EB84D1006FE2AB /* NewsExpressUITests */,
			);
		};
/* End PBXProject section */

/* Begin PBXResourcesBuildPhase section */
		70A4AB6E27EB84CE006FE2AB /* Resources */ = {
			isa = PBXResourcesBuildPhase;
			buildActionMask = 2147483647;
			files = (
				70A4AB8027EB84D1006FE2AB /* LaunchScreen.storyboard in Resources */,
				70A4AB7D27EB84D1006FE2AB /* Assets.xcassets in Resources */,
			);
			runOnlyForDeploymentPostprocessing = 0;
		};
		70A4AB8427EB84D1006FE2AB /* Resources */ = {
			isa = PBXResourcesBuildPhase;
			buildActionMask = 2147483647;
			files = (
			);
			runOnlyForDeploymentPostprocessing = 0;
		};
		70A4AB8E27EB84D1006FE2AB /* Resources */ = {
			isa = PBXResourcesBuildPhase;
			buildActionMask = 2147483647;
			files = (
			);
			runOnlyForDeploymentPostprocessing = 0;
		};
/* End PBXResourcesBuildPhase section */

/* Begin PBXSourcesBuildPhase section */
		70A4AB6C27EB84CE006FE2AB /* Sources */ = {
			isa = PBXSourcesBuildPhase;
			buildActionMask = 2147483647;
			files = (
				7020820627EB971800931B33 /* NewsAPIInteractor.swift in Sources */,
				70A4AB7827EB84CE006FE2AB /* SourcesViewController.swift in Sources */,
				70A4AB7427EB84CE006FE2AB /* AppDelegate.swift in Sources */,
				70A4ABA527EB887E006FE2AB /* NetworkService.swift in Sources */,
				70A4AB7627EB84CE006FE2AB /* SceneDelegate.swift in Sources */,
				7020820A27EB9F9800931B33 /* SourcesResponse.swift in Sources */,
			);
			runOnlyForDeploymentPostprocessing = 0;
		};
		70A4AB8227EB84D1006FE2AB /* Sources */ = {
			isa = PBXSourcesBuildPhase;
			buildActionMask = 2147483647;
			files = (
				70A4AB8B27EB84D1006FE2AB /* NewsExpressTests.swift in Sources */,
			);
			runOnlyForDeploymentPostprocessing = 0;
		};
		70A4AB8C27EB84D1006FE2AB /* Sources */ = {
			isa = PBXSourcesBuildPhase;
			buildActionMask = 2147483647;
			files = (
				70A4AB9727EB84D1006FE2AB /* NewsExpressUITestsLaunchTests.swift in Sources */,
				70A4AB9527EB84D1006FE2AB /* NewsExpressUITests.swift in Sources */,
			);
			runOnlyForDeploymentPostprocessing = 0;
		};
/* End PBXSourcesBuildPhase section */

/* Begin PBXTargetDependency section */
		70A4AB8827EB84D1006FE2AB /* PBXTargetDependency */ = {
			isa = PBXTargetDependency;
			target = 70A4AB6F27EB84CE006FE2AB /* NewsExpress */;
			targetProxy = 70A4AB8727EB84D1006FE2AB /* PBXContainerItemProxy */;
		};
		70A4AB9227EB84D1006FE2AB /* PBXTargetDependency */ = {
			isa = PBXTargetDependency;
			target = 70A4AB6F27EB84CE006FE2AB /* NewsExpress */;
			targetProxy = 70A4AB9127EB84D1006FE2AB /* PBXContainerItemProxy */;
		};
/* End PBXTargetDependency section */

/* Begin PBXVariantGroup section */
		70A4AB7E27EB84D1006FE2AB /* LaunchScreen.storyboard */ = {
			isa = PBXVariantGroup;
			children = (
				70A4AB7F27EB84D1006FE2AB /* Base */,
			);
			name = LaunchScreen.storyboard;
			sourceTree = "<group>";
		};
/* End PBXVariantGroup section */

/* Begin XCBuildConfiguration section */
		70A4AB9827EB84D1006FE2AB /* Debug */ = {
			isa = XCBuildConfiguration;
			buildSettings = {
				ALWAYS_SEARCH_USER_PATHS = NO;
				CLANG_ANALYZER_NONNULL = YES;
				CLANG_ANALYZER_NUMBER_OBJECT_CONVERSION = YES_AGGRESSIVE;
				CLANG_CXX_LANGUAGE_STANDARD = "gnu++17";
				CLANG_CXX_LIBRARY = "libc++";
				CLANG_ENABLE_MODULES = YES;
				CLANG_ENABLE_OBJC_ARC = YES;
				CLANG_ENABLE_OBJC_WEAK = YES;
				CLANG_WARN_BLOCK_CAPTURE_AUTORELEASING = YES;
				CLANG_WARN_BOOL_CONVERSION = YES;
				CLANG_WARN_COMMA = YES;
				CLANG_WARN_CONSTANT_CONVERSION = YES;
				CLANG_WARN_DEPRECATED_OBJC_IMPLEMENTATIONS = YES;
				CLANG_WARN_DIRECT_OBJC_ISA_USAGE = YES_ERROR;
				CLANG_WARN_DOCUMENTATION_COMMENTS = YES;
				CLANG_WARN_EMPTY_BODY = YES;
				CLANG_WARN_ENUM_CONVERSION = YES;
				CLANG_WARN_INFINITE_RECURSION = YES;
				CLANG_WARN_INT_CONVERSION = YES;
				CLANG_WARN_NON_LITERAL_NULL_CONVERSION = YES;
				CLANG_WARN_OBJC_IMPLICIT_RETAIN_SELF = YES;
				CLANG_WARN_OBJC_LITERAL_CONVERSION = YES;
				CLANG_WARN_OBJC_ROOT_CLASS = YES_ERROR;
				CLANG_WARN_QUOTED_INCLUDE_IN_FRAMEWORK_HEADER = YES;
				CLANG_WARN_RANGE_LOOP_ANALYSIS = YES;
				CLANG_WARN_STRICT_PROTOTYPES = YES;
				CLANG_WARN_SUSPICIOUS_MOVE = YES;
				CLANG_WARN_UNGUARDED_AVAILABILITY = YES_AGGRESSIVE;
				CLANG_WARN_UNREACHABLE_CODE = YES;
				CLANG_WARN__DUPLICATE_METHOD_MATCH = YES;
				COPY_PHASE_STRIP = NO;
				DEBUG_INFORMATION_FORMAT = dwarf;
				ENABLE_STRICT_OBJC_MSGSEND = YES;
				ENABLE_TESTABILITY = YES;
				GCC_C_LANGUAGE_STANDARD = gnu11;
				GCC_DYNAMIC_NO_PIC = NO;
				GCC_NO_COMMON_BLOCKS = YES;
				GCC_OPTIMIZATION_LEVEL = 0;
				GCC_PREPROCESSOR_DEFINITIONS = (
					"DEBUG=1",
					"$(inherited)",
				);
				GCC_WARN_64_TO_32_BIT_CONVERSION = YES;
				GCC_WARN_ABOUT_RETURN_TYPE = YES_ERROR;
				GCC_WARN_UNDECLARED_SELECTOR = YES;
				GCC_WARN_UNINITIALIZED_AUTOS = YES_AGGRESSIVE;
				GCC_WARN_UNUSED_FUNCTION = YES;
				GCC_WARN_UNUSED_VARIABLE = YES;
				IPHONEOS_DEPLOYMENT_TARGET = 15.2;
				MTL_ENABLE_DEBUG_INFO = INCLUDE_SOURCE;
				MTL_FAST_MATH = YES;
				ONLY_ACTIVE_ARCH = YES;
				SDKROOT = iphoneos;
				SWIFT_ACTIVE_COMPILATION_CONDITIONS = DEBUG;
				SWIFT_OPTIMIZATION_LEVEL = "-Onone";
			};
			name = Debug;
		};
		70A4AB9927EB84D1006FE2AB /* Release */ = {
			isa = XCBuildConfiguration;
			buildSettings = {
				ALWAYS_SEARCH_USER_PATHS = NO;
				CLANG_ANALYZER_NONNULL = YES;
				CLANG_ANALYZER_NUMBER_OBJECT_CONVERSION = YES_AGGRESSIVE;
				CLANG_CXX_LANGUAGE_STANDARD = "gnu++17";
				CLANG_CXX_LIBRARY = "libc++";
				CLANG_ENABLE_MODULES = YES;
				CLANG_ENABLE_OBJC_ARC = YES;
				CLANG_ENABLE_OBJC_WEAK = YES;
				CLANG_WARN_BLOCK_CAPTURE_AUTORELEASING = YES;
				CLANG_WARN_BOOL_CONVERSION = YES;
				CLANG_WARN_COMMA = YES;
				CLANG_WARN_CONSTANT_CONVERSION = YES;
				CLANG_WARN_DEPRECATED_OBJC_IMPLEMENTATIONS = YES;
				CLANG_WARN_DIRECT_OBJC_ISA_USAGE = YES_ERROR;
				CLANG_WARN_DOCUMENTATION_COMMENTS = YES;
				CLANG_WARN_EMPTY_BODY = YES;
				CLANG_WARN_ENUM_CONVERSION = YES;
				CLANG_WARN_INFINITE_RECURSION = YES;
				CLANG_WARN_INT_CONVERSION = YES;
				CLANG_WARN_NON_LITERAL_NULL_CONVERSION = YES;
				CLANG_WARN_OBJC_IMPLICIT_RETAIN_SELF = YES;
				CLANG_WARN_OBJC_LITERAL_CONVERSION = YES;
				CLANG_WARN_OBJC_ROOT_CLASS = YES_ERROR;
				CLANG_WARN_QUOTED_INCLUDE_IN_FRAMEWORK_HEADER = YES;
				CLANG_WARN_RANGE_LOOP_ANALYSIS = YES;
				CLANG_WARN_STRICT_PROTOTYPES = YES;
				CLANG_WARN_SUSPICIOUS_MOVE = YES;
				CLANG_WARN_UNGUARDED_AVAILABILITY = YES_AGGRESSIVE;
				CLANG_WARN_UNREACHABLE_CODE = YES;
				CLANG_WARN__DUPLICATE_METHOD_MATCH = YES;
				COPY_PHASE_STRIP = NO;
				DEBUG_INFORMATION_FORMAT = "dwarf-with-dsym";
				ENABLE_NS_ASSERTIONS = NO;
				ENABLE_STRICT_OBJC_MSGSEND = YES;
				GCC_C_LANGUAGE_STANDARD = gnu11;
				GCC_NO_COMMON_BLOCKS = YES;
				GCC_WARN_64_TO_32_BIT_CONVERSION = YES;
				GCC_WARN_ABOUT_RETURN_TYPE = YES_ERROR;
				GCC_WARN_UNDECLARED_SELECTOR = YES;
				GCC_WARN_UNINITIALIZED_AUTOS = YES_AGGRESSIVE;
				GCC_WARN_UNUSED_FUNCTION = YES;
				GCC_WARN_UNUSED_VARIABLE = YES;
				IPHONEOS_DEPLOYMENT_TARGET = 15.2;
				MTL_ENABLE_DEBUG_INFO = NO;
				MTL_FAST_MATH = YES;
				SDKROOT = iphoneos;
				SWIFT_COMPILATION_MODE = wholemodule;
				SWIFT_OPTIMIZATION_LEVEL = "-O";
				VALIDATE_PRODUCT = YES;
			};
			name = Release;
		};
		70A4AB9B27EB84D1006FE2AB /* Debug */ = {
			isa = XCBuildConfiguration;
			buildSettings = {
				ASSETCATALOG_COMPILER_APPICON_NAME = AppIcon;
				ASSETCATALOG_COMPILER_GLOBAL_ACCENT_COLOR_NAME = AccentColor;
				CODE_SIGN_STYLE = Automatic;
				CURRENT_PROJECT_VERSION = 1;
				DEVELOPMENT_TEAM = 8K9YSXMH3N;
				GENERATE_INFOPLIST_FILE = YES;
				INFOPLIST_FILE = NewsExpress/Info.plist;
				INFOPLIST_KEY_UIApplicationSupportsIndirectInputEvents = YES;
				INFOPLIST_KEY_UILaunchStoryboardName = LaunchScreen;
				INFOPLIST_KEY_UISupportedInterfaceOrientations_iPad = "UIInterfaceOrientationPortrait UIInterfaceOrientationPortraitUpsideDown UIInterfaceOrientationLandscapeLeft UIInterfaceOrientationLandscapeRight";
				INFOPLIST_KEY_UISupportedInterfaceOrientations_iPhone = "UIInterfaceOrientationPortrait UIInterfaceOrientationLandscapeLeft UIInterfaceOrientationLandscapeRight";
				LD_RUNPATH_SEARCH_PATHS = (
					"$(inherited)",
					"@executable_path/Frameworks",
				);
				MARKETING_VERSION = 1.0;
				PRODUCT_BUNDLE_IDENTIFIER = com.ipetrie.NewsExpress;
				PRODUCT_NAME = "$(TARGET_NAME)";
				SWIFT_EMIT_LOC_STRINGS = YES;
				SWIFT_VERSION = 5.0;
				TARGETED_DEVICE_FAMILY = "1,2";
			};
			name = Debug;
		};
		70A4AB9C27EB84D1006FE2AB /* Release */ = {
			isa = XCBuildConfiguration;
			buildSettings = {
				ASSETCATALOG_COMPILER_APPICON_NAME = AppIcon;
				ASSETCATALOG_COMPILER_GLOBAL_ACCENT_COLOR_NAME = AccentColor;
				CODE_SIGN_STYLE = Automatic;
				CURRENT_PROJECT_VERSION = 1;
				DEVELOPMENT_TEAM = 8K9YSXMH3N;
				GENERATE_INFOPLIST_FILE = YES;
				INFOPLIST_FILE = NewsExpress/Info.plist;
				INFOPLIST_KEY_UIApplicationSupportsIndirectInputEvents = YES;
				INFOPLIST_KEY_UILaunchStoryboardName = LaunchScreen;
				INFOPLIST_KEY_UISupportedInterfaceOrientations_iPad = "UIInterfaceOrientationPortrait UIInterfaceOrientationPortraitUpsideDown UIInterfaceOrientationLandscapeLeft UIInterfaceOrientationLandscapeRight";
				INFOPLIST_KEY_UISupportedInterfaceOrientations_iPhone = "UIInterfaceOrientationPortrait UIInterfaceOrientationLandscapeLeft UIInterfaceOrientationLandscapeRight";
				LD_RUNPATH_SEARCH_PATHS = (
					"$(inherited)",
					"@executable_path/Frameworks",
				);
				MARKETING_VERSION = 1.0;
				PRODUCT_BUNDLE_IDENTIFIER = com.ipetrie.NewsExpress;
				PRODUCT_NAME = "$(TARGET_NAME)";
				SWIFT_EMIT_LOC_STRINGS = YES;
				SWIFT_VERSION = 5.0;
				TARGETED_DEVICE_FAMILY = "1,2";
			};
			name = Release;
		};
		70A4AB9E27EB84D1006FE2AB /* Debug */ = {
			isa = XCBuildConfiguration;
			buildSettings = {
				ALWAYS_EMBED_SWIFT_STANDARD_LIBRARIES = YES;
				BUNDLE_LOADER = "$(TEST_HOST)";
				CODE_SIGN_STYLE = Automatic;
				CURRENT_PROJECT_VERSION = 1;
				DEVELOPMENT_TEAM = 8K9YSXMH3N;
				GENERATE_INFOPLIST_FILE = YES;
				IPHONEOS_DEPLOYMENT_TARGET = 15.2;
				MARKETING_VERSION = 1.0;
				PRODUCT_BUNDLE_IDENTIFIER = com.ipetrie.NewsExpressTests;
				PRODUCT_NAME = "$(TARGET_NAME)";
				SWIFT_EMIT_LOC_STRINGS = NO;
				SWIFT_VERSION = 5.0;
				TARGETED_DEVICE_FAMILY = "1,2";
				TEST_HOST = "$(BUILT_PRODUCTS_DIR)/NewsExpress.app/NewsExpress";
			};
			name = Debug;
		};
		70A4AB9F27EB84D1006FE2AB /* Release */ = {
			isa = XCBuildConfiguration;
			buildSettings = {
				ALWAYS_EMBED_SWIFT_STANDARD_LIBRARIES = YES;
				BUNDLE_LOADER = "$(TEST_HOST)";
				CODE_SIGN_STYLE = Automatic;
				CURRENT_PROJECT_VERSION = 1;
				DEVELOPMENT_TEAM = 8K9YSXMH3N;
				GENERATE_INFOPLIST_FILE = YES;
				IPHONEOS_DEPLOYMENT_TARGET = 15.2;
				MARKETING_VERSION = 1.0;
				PRODUCT_BUNDLE_IDENTIFIER = com.ipetrie.NewsExpressTests;
				PRODUCT_NAME = "$(TARGET_NAME)";
				SWIFT_EMIT_LOC_STRINGS = NO;
				SWIFT_VERSION = 5.0;
				TARGETED_DEVICE_FAMILY = "1,2";
				TEST_HOST = "$(BUILT_PRODUCTS_DIR)/NewsExpress.app/NewsExpress";
			};
			name = Release;
		};
		70A4ABA127EB84D1006FE2AB /* Debug */ = {
			isa = XCBuildConfiguration;
			buildSettings = {
				ALWAYS_EMBED_SWIFT_STANDARD_LIBRARIES = YES;
				CODE_SIGN_STYLE = Automatic;
				CURRENT_PROJECT_VERSION = 1;
				DEVELOPMENT_TEAM = 8K9YSXMH3N;
				GENERATE_INFOPLIST_FILE = YES;
				MARKETING_VERSION = 1.0;
				PRODUCT_BUNDLE_IDENTIFIER = com.ipetrie.NewsExpressUITests;
				PRODUCT_NAME = "$(TARGET_NAME)";
				SWIFT_EMIT_LOC_STRINGS = NO;
				SWIFT_VERSION = 5.0;
				TARGETED_DEVICE_FAMILY = "1,2";
				TEST_TARGET_NAME = NewsExpress;
			};
			name = Debug;
		};
		70A4ABA227EB84D1006FE2AB /* Release */ = {
			isa = XCBuildConfiguration;
			buildSettings = {
				ALWAYS_EMBED_SWIFT_STANDARD_LIBRARIES = YES;
				CODE_SIGN_STYLE = Automatic;
				CURRENT_PROJECT_VERSION = 1;
				DEVELOPMENT_TEAM = 8K9YSXMH3N;
				GENERATE_INFOPLIST_FILE = YES;
				MARKETING_VERSION = 1.0;
				PRODUCT_BUNDLE_IDENTIFIER = com.ipetrie.NewsExpressUITests;
				PRODUCT_NAME = "$(TARGET_NAME)";
				SWIFT_EMIT_LOC_STRINGS = NO;
				SWIFT_VERSION = 5.0;
				TARGETED_DEVICE_FAMILY = "1,2";
				TEST_TARGET_NAME = NewsExpress;
			};
			name = Release;
		};
/* End XCBuildConfiguration section */

/* Begin XCConfigurationList section */
		70A4AB6B27EB84CE006FE2AB /* Build configuration list for PBXProject "NewsExpress" */ = {
			isa = XCConfigurationList;
			buildConfigurations = (
				70A4AB9827EB84D1006FE2AB /* Debug */,
				70A4AB9927EB84D1006FE2AB /* Release */,
			);
			defaultConfigurationIsVisible = 0;
			defaultConfigurationName = Release;
		};
		70A4AB9A27EB84D1006FE2AB /* Build configuration list for PBXNativeTarget "NewsExpress" */ = {
			isa = XCConfigurationList;
			buildConfigurations = (
				70A4AB9B27EB84D1006FE2AB /* Debug */,
				70A4AB9C27EB84D1006FE2AB /* Release */,
			);
			defaultConfigurationIsVisible = 0;
			defaultConfigurationName = Release;
		};
		70A4AB9D27EB84D1006FE2AB /* Build configuration list for PBXNativeTarget "NewsExpressTests" */ = {
			isa = XCConfigurationList;
			buildConfigurations = (
				70A4AB9E27EB84D1006FE2AB /* Debug */,
				70A4AB9F27EB84D1006FE2AB /* Release */,
			);
			defaultConfigurationIsVisible = 0;
			defaultConfigurationName = Release;
		};
		70A4ABA027EB84D1006FE2AB /* Build configuration list for PBXNativeTarget "NewsExpressUITests" */ = {
			isa = XCConfigurationList;
			buildConfigurations = (
				70A4ABA127EB84D1006FE2AB /* Debug */,
				70A4ABA227EB84D1006FE2AB /* Release */,
			);
			defaultConfigurationIsVisible = 0;
			defaultConfigurationName = Release;
		};
/* End XCConfigurationList section */
	};
	rootObject = 70A4AB6827EB84CE006FE2AB /* Project object */;
}
